
Microsoft Visual Studio Solution File, Format Version 12.00
# Visual Studio 15
Project("{FAE04EC0-301F-11D3-BF4B-00C04F79EFBC}") = "MerryYellow.CodeAssist.Editor", "MerryYellow.CodeAssist.Editor.csproj", "{DBAC985E-71E0-5C03-F74E-DDBAC7DA102B}"
EndProject
Project("{FAE04EC0-301F-11D3-BF4B-00C04F79EFBC}") = "Assembly-CSharp", "Assembly-CSharp.csproj", "{A99AC84B-6BD1-8418-563F-770A25FB8026}"
EndProject
Global
	GlobalSection(SolutionConfigurationPlatforms) = preSolution
		Debug|Any CPU = Debug|Any CPU
		Release|Any CPU = Release|Any CPU
	EndGlobalSection
	GlobalSection(ProjectConfigurationPlatforms) = postSolution
		{DBAC985E-71E0-5C03-F74E-DDBAC7DA102B}.Debug|Any CPU.ActiveCfg = Debug|Any CPU
		{DBAC985E-71E0-5C03-F74E-DDBAC7DA102B}.Debug|Any CPU.Build.0 = Debug|Any CPU
		{DBAC985E-71E0-5C03-F74E-DDBAC7DA102B}.Release|Any CPU.ActiveCfg = Release|Any CPU
		{DBAC985E-71E0-5C03-F74E-DDBAC7DA102B}.Release|Any CPU.Build.0 = Release|Any CPU
		{A99AC84B-6BD1-8418-563F-770A25FB8026}.Debug|Any CPU.ActiveCfg = Debug|Any CPU
		{A99AC84B-6BD1-8418-563F-770A25FB8026}.Debug|Any CPU.Build.0 = Debug|Any CPU
		{A99AC84B-6BD1-8418-563F-770A25FB8026}.Release|Any CPU.ActiveCfg = Release|Any CPU
		{A99AC84B-6BD1-8418-563F-770A25FB8026}.Release|Any CPU.Build.0 = Release|Any CPU
	EndGlobalSection
	GlobalSection(SolutionProperties) = preSolution
		HideSolutionNode = FALSE
	EndGlobalSection
EndGlobal
